
Microsoft Visual Studio Solution File, Format Version 12.00
# Visual Studio Version 16
VisualStudioVersion = 16.0.28803.452
MinimumVisualStudioVersion = 10.0.40219.1
Project("{9A19103F-16F7-4668-BE54-9A1E7A4F7556}") = "MessageService.Web", "MessageService.Web\MessageService.Web.csproj", "{6B39A0B6-C341-4F16-BA87-EB8612B29AD0}"
EndProject
Project("{9A19103F-16F7-4668-BE54-9A1E7A4F7556}") = "MessageService.Core", "MessageService.Core\MessageService.Core.csproj", "{66DE68DA-1FB5-4450-B17F-3E23CFDA4525}"
EndProject
Project("{2150E333-8FDC-42A3-9474-1A3956D46DE8}") = "tests", "tests", "{86D3C0EE-BB81-46CB-BE79-2EA9BBD9DD3C}"
EndProject
Project("{9A19103F-16F7-4668-BE54-9A1E7A4F7556}") = "MessageService.Core.UnitTests", "tests\MessageService.Core.UnitTests\MessageService.Core.UnitTests.csproj", "{092939FA-9B25-4484-B96E-E0D613FD449F}"
EndProject
Project("{2150E333-8FDC-42A3-9474-1A3956D46DE8}") = "Solution Items", "Solution Items", "{48F41545-21BC-4CA3-A882-690B13AD506D}"
	ProjectSection(SolutionItems) = preProject
		.cynosura.json = .cynosura.json
		.dockerignore = .dockerignore
		.editorconfig = .editorconfig
		.gitignore = .gitignore
		.ruleset = .ruleset
		CHANGELOG.md = CHANGELOG.md
		docker-compose.yaml = docker-compose.yaml
		README.md = README.md
		docker-compose-public.yaml = docker-compose-public.yaml
	EndProjectSection
EndProject
Project("{9A19103F-16F7-4668-BE54-9A1E7A4F7556}") = "MessageService.Abstractions", "MessageService.Abstractions\MessageService.Abstractions.csproj", "{D43DA642-C4AF-4B8C-A720-8C12E53DD35E}"
EndProject
Project("{9A19103F-16F7-4668-BE54-9A1E7A4F7556}") = "MessageService.Web.FunctionalTests", "tests\MessageService.Web.FunctionalTests\MessageService.Web.FunctionalTests.csproj", "{6E74E556-4E10-49E1-80C4-4799FB08472B}"
EndProject
Project("{FAE04EC0-301F-11D3-BF4B-00C04F79EFBC}") = "MessageService.Data", "MessageService.Data\MessageService.Data.csproj", "{8E58B8C8-3612-4548-813D-CE951BBA680E}"
EndProject
Project("{FAE04EC0-301F-11D3-BF4B-00C04F79EFBC}") = "MessageService.Client", "MessageService.Client\MessageService.Client.csproj", "{A539C6B8-9155-4EAC-842B-82871D9AFB00}"
EndProject
Project("{FAE04EC0-301F-11D3-BF4B-00C04F79EFBC}") = "MessageService.Connector", "MessageService.Connector\MessageService.Connector.csproj", "{6E32C307-99C0-472B-9ABC-D4668D378484}"
EndProject
Global
	GlobalSection(SolutionConfigurationPlatforms) = preSolution
		Debug|Any CPU = Debug|Any CPU
		Release|Any CPU = Release|Any CPU
	EndGlobalSection
	GlobalSection(ProjectConfigurationPlatforms) = postSolution
		{6B39A0B6-C341-4F16-BA87-EB8612B29AD0}.Debug|Any CPU.ActiveCfg = Debug|Any CPU
		{6B39A0B6-C341-4F16-BA87-EB8612B29AD0}.Debug|Any CPU.Build.0 = Debug|Any CPU
		{6B39A0B6-C341-4F16-BA87-EB8612B29AD0}.Release|Any CPU.ActiveCfg = Release|Any CPU
		{6B39A0B6-C341-4F16-BA87-EB8612B29AD0}.Release|Any CPU.Build.0 = Release|Any CPU
		{66DE68DA-1FB5-4450-B17F-3E23CFDA4525}.Debug|Any CPU.ActiveCfg = Debug|Any CPU
		{66DE68DA-1FB5-4450-B17F-3E23CFDA4525}.Debug|Any CPU.Build.0 = Debug|Any CPU
		{66DE68DA-1FB5-4450-B17F-3E23CFDA4525}.Release|Any CPU.ActiveCfg = Release|Any CPU
		{66DE68DA-1FB5-4450-B17F-3E23CFDA4525}.Release|Any CPU.Build.0 = Release|Any CPU
		{092939FA-9B25-4484-B96E-E0D613FD449F}.Debug|Any CPU.ActiveCfg = Debug|Any CPU
		{092939FA-9B25-4484-B96E-E0D613FD449F}.Debug|Any CPU.Build.0 = Debug|Any CPU
		{092939FA-9B25-4484-B96E-E0D613FD449F}.Release|Any CPU.ActiveCfg = Release|Any CPU
		{092939FA-9B25-4484-B96E-E0D613FD449F}.Release|Any CPU.Build.0 = Release|Any CPU
		{D43DA642-C4AF-4B8C-A720-8C12E53DD35E}.Debug|Any CPU.ActiveCfg = Debug|Any CPU
		{D43DA642-C4AF-4B8C-A720-8C12E53DD35E}.Debug|Any CPU.Build.0 = Debug|Any CPU
		{D43DA642-C4AF-4B8C-A720-8C12E53DD35E}.Release|Any CPU.ActiveCfg = Release|Any CPU
		{D43DA642-C4AF-4B8C-A720-8C12E53DD35E}.Release|Any CPU.Build.0 = Release|Any CPU
		{6E74E556-4E10-49E1-80C4-4799FB08472B}.Debug|Any CPU.ActiveCfg = Debug|Any CPU
		{6E74E556-4E10-49E1-80C4-4799FB08472B}.Debug|Any CPU.Build.0 = Debug|Any CPU
		{6E74E556-4E10-49E1-80C4-4799FB08472B}.Release|Any CPU.ActiveCfg = Release|Any CPU
		{6E74E556-4E10-49E1-80C4-4799FB08472B}.Release|Any CPU.Build.0 = Release|Any CPU
		{8E58B8C8-3612-4548-813D-CE951BBA680E}.Debug|Any CPU.ActiveCfg = Debug|Any CPU
		{8E58B8C8-3612-4548-813D-CE951BBA680E}.Debug|Any CPU.Build.0 = Debug|Any CPU
		{8E58B8C8-3612-4548-813D-CE951BBA680E}.Release|Any CPU.ActiveCfg = Release|Any CPU
		{8E58B8C8-3612-4548-813D-CE951BBA680E}.Release|Any CPU.Build.0 = Release|Any CPU
		{A539C6B8-9155-4EAC-842B-82871D9AFB00}.Debug|Any CPU.ActiveCfg = Debug|Any CPU
		{A539C6B8-9155-4EAC-842B-82871D9AFB00}.Debug|Any CPU.Build.0 = Debug|Any CPU
		{A539C6B8-9155-4EAC-842B-82871D9AFB00}.Release|Any CPU.ActiveCfg = Release|Any CPU
		{A539C6B8-9155-4EAC-842B-82871D9AFB00}.Release|Any CPU.Build.0 = Release|Any CPU
		{6E32C307-99C0-472B-9ABC-D4668D378484}.Debug|Any CPU.ActiveCfg = Debug|Any CPU
		{6E32C307-99C0-472B-9ABC-D4668D378484}.Debug|Any CPU.Build.0 = Debug|Any CPU
		{6E32C307-99C0-472B-9ABC-D4668D378484}.Release|Any CPU.ActiveCfg = Release|Any CPU
		{6E32C307-99C0-472B-9ABC-D4668D378484}.Release|Any CPU.Build.0 = Release|Any CPU
	EndGlobalSection
	GlobalSection(SolutionProperties) = preSolution
		HideSolutionNode = FALSE
	EndGlobalSection
	GlobalSection(NestedProjects) = preSolution
		{092939FA-9B25-4484-B96E-E0D613FD449F} = {86D3C0EE-BB81-46CB-BE79-2EA9BBD9DD3C}
		{6E74E556-4E10-49E1-80C4-4799FB08472B} = {86D3C0EE-BB81-46CB-BE79-2EA9BBD9DD3C}
	EndGlobalSection
	GlobalSection(ExtensibilityGlobals) = postSolution
		SolutionGuid = {3B67DE6B-2794-4D74-8B11-B9B93DA5E671}
	EndGlobalSection
EndGlobal
